PODS:
  - Bolts (1.6.0):
    - Bolts/AppLinks (= 1.6.0)
    - Bolts/Tasks (= 1.6.0)
  - Bolts/AppLinks (1.6.0):
    - Bolts/Tasks
  - Bolts/Tasks (1.6.0)
  - Charts (2.2.1):
    - Charts/Core (= 2.2.1)
  - Charts/Core (2.2.1)
  - Crashlytics (3.6.0):
    - Fabric (~> 1.6.3)
  - Fabric (1.6.4)
  - FBSDKCoreKit (4.9.1):
    - Bolts (~> 1.5)
  - FBSDKLoginKit (4.9.1):
    - FBSDKCoreKit
  - FBSDKShareKit (4.9.1):
    - FBSDKCoreKit
  - Flurry-iOS-SDK/FlurrySDK (7.3.0)
  - ObjectMapper (1.1.1)
  - TwitterCore (1.15.1):
    - Fabric
  - TwitterKit (1.15.1):
    - TwitterCore (= 1.15.1)
  - VPAttributedFormat (1.2.4)

DEPENDENCIES:
  - Charts
  - Crashlytics
  - Fabric
  - FBSDKCoreKit
  - FBSDKLoginKit
  - FBSDKShareKit
  - Flurry-iOS-SDK/FlurrySDK
  - ObjectMapper
  - TwitterCore
  - TwitterKit
  - VPAttributedFormat

SPEC CHECKSUMS:
  Bolts: f52a250053bb517ca874523c3913776359ab3def
  Charts: 3ff893c1a4416ab6abed7a6d26fa1c13372f3456
  Crashlytics: e4e8d02914f2608fbc7bf42b1a7af838b0db67a2
  Fabric: ed41fd62173c6bdea24ab02c9d7707161eabb750
  FBSDKCoreKit: aee20b6d9855f15b618d4fddd1a5ad45f5a4a59d
  FBSDKLoginKit: ec22dc49bd372b064e93d6773df4ffefb3a552a2
  FBSDKShareKit: b8c8ef0ed173f9fc1b3c8df384a0202ce53008d4
  Flurry-iOS-SDK: 054befae0fa0244fb000985bfe757d70f87a9f60
  ObjectMapper: 4143abed1dbd49b73d75092fe8fa1c88ed6434b7
  TwitterCore: 12983a7464e34afbbf18881347898a9db526ac71
  TwitterKit: b5821570887ec2d77650fa232eaec175665dc443
  VPAttributedFormat: da99a8f4e7adb39e019e8a8383a1fca83fc51205

COCOAPODS: 0.39.0
