// !$*UTF8*$!
{
	archiveVersion = 1;
	classes = {
	};
	objectVersion = 46;
	objects = {

/* Begin PBXBuildFile section */
		F08ED6051ABE83B3005BEBB3 /* WorkoutsView.swift in Sources */ = {isa = PBXBuildFile; fileRef = F08ED6041ABE83B3005BEBB3 /* WorkoutsView.swift */; };
		F08ED6061ABE83B3005BEBB3 /* WorkoutsView.swift in Sources */ = {isa = PBXBuildFile; fileRef = F08ED6041ABE83B3005BEBB3 /* WorkoutsView.swift */; };
		F08ED6081ABE88BA005BEBB3 /* BaseView.swift in Sources */ = {isa = PBXBuildFile; fileRef = F08ED6071ABE88BA005BEBB3 /* BaseView.swift */; };
		F08ED6091ABE88BA005BEBB3 /* BaseView.swift in Sources */ = {isa = PBXBuildFile; fileRef = F08ED6071ABE88BA005BEBB3 /* BaseView.swift */; };
		F08ED60B1ABEA157005BEBB3 /* DefaultWorkouts.json in Resources */ = {isa = PBXBuildFile; fileRef = F08ED60A1ABEA157005BEBB3 /* DefaultWorkouts.json */; };
		F08ED60C1ABEA157005BEBB3 /* DefaultWorkouts.json in Resources */ = {isa = PBXBuildFile; fileRef = F08ED60A1ABEA157005BEBB3 /* DefaultWorkouts.json */; };
		F09702BB1ACA42A300498DEE /* AnalyticsTracker.swift in Sources */ = {isa = PBXBuildFile; fileRef = F09702BA1ACA42A300498DEE /* AnalyticsTracker.swift */; };
		F09702BC1ACA42A300498DEE /* AnalyticsTracker.swift in Sources */ = {isa = PBXBuildFile; fileRef = F09702BA1ACA42A300498DEE /* AnalyticsTracker.swift */; };
		F09702BF1ACA48E700498DEE /* ModelProvider.swift in Sources */ = {isa = PBXBuildFile; fileRef = F0C342531A9E4BC800B9D480 /* ModelProvider.swift */; };
		F09702C01ACA48E700498DEE /* WorkoutStep.swift in Sources */ = {isa = PBXBuildFile; fileRef = F0C3425A1A9E4BC800B9D480 /* WorkoutStep.swift */; };
		F09702C11ACA48E700498DEE /* WorkoutsScreen.swift in Sources */ = {isa = PBXBuildFile; fileRef = F0C3426B1A9E4BC800B9D480 /* WorkoutsScreen.swift */; };
		F09702C21ACA48E700498DEE /* BaseScreen.swift in Sources */ = {isa = PBXBuildFile; fileRef = F0C342601A9E4BC800B9D480 /* BaseScreen.swift */; };
		F09702C31ACA48E700498DEE /* WorkoutCell.swift in Sources */ = {isa = PBXBuildFile; fileRef = F0C3426A1A9E4BC800B9D480 /* WorkoutCell.swift */; };
		F09702C41ACA48E700498DEE /* AnalyticsTracker.swift in Sources */ = {isa = PBXBuildFile; fileRef = F09702BA1ACA42A300498DEE /* AnalyticsTracker.swift */; };
		F09702C51ACA48E700498DEE /* WorkoutPlayer.swift in Sources */ = {isa = PBXBuildFile; fileRef = F0C342561A9E4BC800B9D480 /* WorkoutPlayer.swift */; };
		F09702C61ACA48E700498DEE /* NewStepScreen.swift in Sources */ = {isa = PBXBuildFile; fileRef = F0C342621A9E4BC800B9D480 /* NewStepScreen.swift */; };
		F09702C71ACA48E700498DEE /* StepTemplatesScreen.swift in Sources */ = {isa = PBXBuildFile; fileRef = F0C342661A9E4BC800B9D480 /* StepTemplatesScreen.swift */; };
		F09702C81ACA48E700498DEE /* WorkoutDetailsScreen.swift in Sources */ = {isa = PBXBuildFile; fileRef = F0C342681A9E4BC800B9D480 /* WorkoutDetailsScreen.swift */; };
		F09702C91ACA48E700498DEE /* AppDelegate.swift in Sources */ = {isa = PBXBuildFile; fileRef = F0C3424E1A9E4BC800B9D480 /* AppDelegate.swift */; };
		F09702CA1ACA48E700498DEE /* WorkoutsProvider.swift in Sources */ = {isa = PBXBuildFile; fileRef = F0C3425B1A9E4BC800B9D480 /* WorkoutsProvider.swift */; };
		F09702CB1ACA48E700498DEE /* Workout.swift in Sources */ = {isa = PBXBuildFile; fileRef = F0C342591A9E4BC800B9D480 /* Workout.swift */; };
		F09702CC1ACA48E700498DEE /* BaseView.swift in Sources */ = {isa = PBXBuildFile; fileRef = F08ED6071ABE88BA005BEBB3 /* BaseView.swift */; };
		F09702CD1ACA48E700498DEE /* WorkoutsView.swift in Sources */ = {isa = PBXBuildFile; fileRef = F08ED6041ABE83B3005BEBB3 /* WorkoutsView.swift */; };
		F09702CE1ACA48E700498DEE /* NewWorkoutScreen.swift in Sources */ = {isa = PBXBuildFile; fileRef = F0C342641A9E4BC800B9D480 /* NewWorkoutScreen.swift */; };
		F09702D11ACA48E700498DEE /* LaunchScreen.xib in Resources */ = {isa = PBXBuildFile; fileRef = F0C3424F1A9E4BC800B9D480 /* LaunchScreen.xib */; };
		F09702D21ACA48E700498DEE /* Images.xcassets in Resources */ = {isa = PBXBuildFile; fileRef = F0C3424A1A9E4BC800B9D480 /* Images.xcassets */; };
		F09702D31ACA48E700498DEE /* Main.storyboard in Resources */ = {isa = PBXBuildFile; fileRef = F0C342501A9E4BC800B9D480 /* Main.storyboard */; };
		F09702D41ACA48E700498DEE /* DefaultWorkouts.json in Resources */ = {isa = PBXBuildFile; fileRef = F08ED60A1ABEA157005BEBB3 /* DefaultWorkouts.json */; };
		F09703D91ACA4CFD00498DEE /* libFlurry_6.2.0.a in Frameworks */ = {isa = PBXBuildFile; fileRef = F09702E21ACA4CFD00498DEE /* libFlurry_6.2.0.a */; };
		F09703DA1ACA4CFD00498DEE /* libFlurry_6.2.0.a in Frameworks */ = {isa = PBXBuildFile; fileRef = F09702E21ACA4CFD00498DEE /* libFlurry_6.2.0.a */; };
		F09703DB1ACA4CFD00498DEE /* libFlurry_6.2.0.a in Frameworks */ = {isa = PBXBuildFile; fileRef = F09702E21ACA4CFD00498DEE /* libFlurry_6.2.0.a */; };
		F09706811ACA511700498DEE /* SystemConfiguration.framework in Frameworks */ = {isa = PBXBuildFile; fileRef = F09706801ACA511700498DEE /* SystemConfiguration.framework */; };
		F09706821ACA512000498DEE /* SystemConfiguration.framework in Frameworks */ = {isa = PBXBuildFile; fileRef = F09706801ACA511700498DEE /* SystemConfiguration.framework */; };
		F09706941ACA599200498DEE /* Fabric.framework in Frameworks */ = {isa = PBXBuildFile; fileRef = F09706931ACA599200498DEE /* Fabric.framework */; };
		F09706951ACA599200498DEE /* Fabric.framework in Frameworks */ = {isa = PBXBuildFile; fileRef = F09706931ACA599200498DEE /* Fabric.framework */; };
		F09706961ACA599200498DEE /* Fabric.framework in Frameworks */ = {isa = PBXBuildFile; fileRef = F09706931ACA599200498DEE /* Fabric.framework */; };
		F09706981ACA5AF000498DEE /* Crashlytics.framework in Frameworks */ = {isa = PBXBuildFile; fileRef = F09706971ACA5AF000498DEE /* Crashlytics.framework */; };
		F09706991ACA5AF000498DEE /* Crashlytics.framework in Frameworks */ = {isa = PBXBuildFile; fileRef = F09706971ACA5AF000498DEE /* Crashlytics.framework */; };
		F097069A1ACA5AF000498DEE /* Crashlytics.framework in Frameworks */ = {isa = PBXBuildFile; fileRef = F09706971ACA5AF000498DEE /* Crashlytics.framework */; };
		F097069F1ACA687800498DEE /* FBSDKCoreKit.framework in Frameworks */ = {isa = PBXBuildFile; fileRef = F097069C1ACA687800498DEE /* FBSDKCoreKit.framework */; };
		F09706A01ACA687800498DEE /* FBSDKCoreKit.framework in Frameworks */ = {isa = PBXBuildFile; fileRef = F097069C1ACA687800498DEE /* FBSDKCoreKit.framework */; };
		F09706A11ACA687800498DEE /* FBSDKCoreKit.framework in Frameworks */ = {isa = PBXBuildFile; fileRef = F097069C1ACA687800498DEE /* FBSDKCoreKit.framework */; };
		F09706A21ACA687800498DEE /* FBSDKLoginKit.framework in Frameworks */ = {isa = PBXBuildFile; fileRef = F097069D1ACA687800498DEE /* FBSDKLoginKit.framework */; };
		F09706A31ACA687800498DEE /* FBSDKLoginKit.framework in Frameworks */ = {isa = PBXBuildFile; fileRef = F097069D1ACA687800498DEE /* FBSDKLoginKit.framework */; };
		F09706A41ACA687800498DEE /* FBSDKLoginKit.framework in Frameworks */ = {isa = PBXBuildFile; fileRef = F097069D1ACA687800498DEE /* FBSDKLoginKit.framework */; };
		F09706A51ACA687800498DEE /* FBSDKShareKit.framework in Frameworks */ = {isa = PBXBuildFile; fileRef = F097069E1ACA687800498DEE /* FBSDKShareKit.framework */; };
		F09706A61ACA687800498DEE /* FBSDKShareKit.framework in Frameworks */ = {isa = PBXBuildFile; fileRef = F097069E1ACA687800498DEE /* FBSDKShareKit.framework */; };
		F09706A71ACA687800498DEE /* FBSDKShareKit.framework in Frameworks */ = {isa = PBXBuildFile; fileRef = F097069E1ACA687800498DEE /* FBSDKShareKit.framework */; };
		F0C3426F1A9E4BC800B9D480 /* Images.xcassets in Resources */ = {isa = PBXBuildFile; fileRef = F0C3424A1A9E4BC800B9D480 /* Images.xcassets */; };
		F0C342701A9E4BC800B9D480 /* Images.xcassets in Resources */ = {isa = PBXBuildFile; fileRef = F0C3424A1A9E4BC800B9D480 /* Images.xcassets */; };
		F0C342731A9E4BC800B9D480 /* AppDelegate.swift in Sources */ = {isa = PBXBuildFile; fileRef = F0C3424E1A9E4BC800B9D480 /* AppDelegate.swift */; };
		F0C342741A9E4BC800B9D480 /* AppDelegate.swift in Sources */ = {isa = PBXBuildFile; fileRef = F0C3424E1A9E4BC800B9D480 /* AppDelegate.swift */; };
		F0C342751A9E4BC800B9D480 /* LaunchScreen.xib in Resources */ = {isa = PBXBuildFile; fileRef = F0C3424F1A9E4BC800B9D480 /* LaunchScreen.xib */; };
		F0C342761A9E4BC800B9D480 /* LaunchScreen.xib in Resources */ = {isa = PBXBuildFile; fileRef = F0C3424F1A9E4BC800B9D480 /* LaunchScreen.xib */; };
		F0C342771A9E4BC800B9D480 /* Main.storyboard in Resources */ = {isa = PBXBuildFile; fileRef = F0C342501A9E4BC800B9D480 /* Main.storyboard */; };
		F0C342781A9E4BC800B9D480 /* Main.storyboard in Resources */ = {isa = PBXBuildFile; fileRef = F0C342501A9E4BC800B9D480 /* Main.storyboard */; };
		F0C342791A9E4BC800B9D480 /* ModelProvider.swift in Sources */ = {isa = PBXBuildFile; fileRef = F0C342531A9E4BC800B9D480 /* ModelProvider.swift */; };
		F0C3427A1A9E4BC800B9D480 /* ModelProvider.swift in Sources */ = {isa = PBXBuildFile; fileRef = F0C342531A9E4BC800B9D480 /* ModelProvider.swift */; };
		F0C3427B1A9E4BC800B9D480 /* WorkoutPlayer.swift in Sources */ = {isa = PBXBuildFile; fileRef = F0C342561A9E4BC800B9D480 /* WorkoutPlayer.swift */; };
		F0C3427C1A9E4BC800B9D480 /* WorkoutPlayer.swift in Sources */ = {isa = PBXBuildFile; fileRef = F0C342561A9E4BC800B9D480 /* WorkoutPlayer.swift */; };
		F0C3427D1A9E4BC800B9D480 /* Workout.swift in Sources */ = {isa = PBXBuildFile; fileRef = F0C342591A9E4BC800B9D480 /* Workout.swift */; };
		F0C3427E1A9E4BC800B9D480 /* Workout.swift in Sources */ = {isa = PBXBuildFile; fileRef = F0C342591A9E4BC800B9D480 /* Workout.swift */; };
		F0C3427F1A9E4BC800B9D480 /* WorkoutStep.swift in Sources */ = {isa = PBXBuildFile; fileRef = F0C3425A1A9E4BC800B9D480 /* WorkoutStep.swift */; };
		F0C342801A9E4BC800B9D480 /* WorkoutStep.swift in Sources */ = {isa = PBXBuildFile; fileRef = F0C3425A1A9E4BC800B9D480 /* WorkoutStep.swift */; };
		F0C342811A9E4BC800B9D480 /* WorkoutsProvider.swift in Sources */ = {isa = PBXBuildFile; fileRef = F0C3425B1A9E4BC800B9D480 /* WorkoutsProvider.swift */; };
		F0C342821A9E4BC800B9D480 /* WorkoutsProvider.swift in Sources */ = {isa = PBXBuildFile; fileRef = F0C3425B1A9E4BC800B9D480 /* WorkoutsProvider.swift */; };
		F0C342831A9E4BC800B9D480 /* BaseScreen.swift in Sources */ = {isa = PBXBuildFile; fileRef = F0C342601A9E4BC800B9D480 /* BaseScreen.swift */; };
		F0C342841A9E4BC800B9D480 /* BaseScreen.swift in Sources */ = {isa = PBXBuildFile; fileRef = F0C342601A9E4BC800B9D480 /* BaseScreen.swift */; };
		F0C342851A9E4BC800B9D480 /* NewStepScreen.swift in Sources */ = {isa = PBXBuildFile; fileRef = F0C342621A9E4BC800B9D480 /* NewStepScreen.swift */; };
		F0C342861A9E4BC800B9D480 /* NewStepScreen.swift in Sources */ = {isa = PBXBuildFile; fileRef = F0C342621A9E4BC800B9D480 /* NewStepScreen.swift */; };
		F0C342871A9E4BC800B9D480 /* NewWorkoutScreen.swift in Sources */ = {isa = PBXBuildFile; fileRef = F0C342641A9E4BC800B9D480 /* NewWorkoutScreen.swift */; };
		F0C342881A9E4BC800B9D480 /* NewWorkoutScreen.swift in Sources */ = {isa = PBXBuildFile; fileRef = F0C342641A9E4BC800B9D480 /* NewWorkoutScreen.swift */; };
		F0C342891A9E4BC800B9D480 /* StepTemplatesScreen.swift in Sources */ = {isa = PBXBuildFile; fileRef = F0C342661A9E4BC800B9D480 /* StepTemplatesScreen.swift */; };
		F0C3428A1A9E4BC800B9D480 /* StepTemplatesScreen.swift in Sources */ = {isa = PBXBuildFile; fileRef = F0C342661A9E4BC800B9D480 /* StepTemplatesScreen.swift */; };
		F0C3428B1A9E4BC800B9D480 /* WorkoutDetailsScreen.swift in Sources */ = {isa = PBXBuildFile; fileRef = F0C342681A9E4BC800B9D480 /* WorkoutDetailsScreen.swift */; };
		F0C3428C1A9E4BC800B9D480 /* WorkoutDetailsScreen.swift in Sources */ = {isa = PBXBuildFile; fileRef = F0C342681A9E4BC800B9D480 /* WorkoutDetailsScreen.swift */; };
		F0C3428D1A9E4BC800B9D480 /* WorkoutCell.swift in Sources */ = {isa = PBXBuildFile; fileRef = F0C3426A1A9E4BC800B9D480 /* WorkoutCell.swift */; };
		F0C3428E1A9E4BC800B9D480 /* WorkoutCell.swift in Sources */ = {isa = PBXBuildFile; fileRef = F0C3426A1A9E4BC800B9D480 /* WorkoutCell.swift */; };
		F0C3428F1A9E4BC800B9D480 /* WorkoutsScreen.swift in Sources */ = {isa = PBXBuildFile; fileRef = F0C3426B1A9E4BC800B9D480 /* WorkoutsScreen.swift */; };
		F0C342901A9E4BC800B9D480 /* WorkoutsScreen.swift in Sources */ = {isa = PBXBuildFile; fileRef = F0C3426B1A9E4BC800B9D480 /* WorkoutsScreen.swift */; };
		F0C342941A9E4BC800B9D480 /* WorkouterTests.swift in Sources */ = {isa = PBXBuildFile; fileRef = F0C3426E1A9E4BC800B9D480 /* WorkouterTests.swift */; };
/* End PBXBuildFile section */

/* Begin PBXContainerItemProxy section */
		F01375C31A4CA18E00C683A8 /* PBXContainerItemProxy */ = {
			isa = PBXContainerItemProxy;
			containerPortal = F01375A51A4CA18E00C683A8 /* Project object */;
			proxyType = 1;
			remoteGlobalIDString = F01375AC1A4CA18E00C683A8;
			remoteInfo = SportTime;
		};
/* End PBXContainerItemProxy section */

/* Begin PBXFileReference section */
		F01375AD1A4CA18E00C683A8 /* Workouter.app */ = {isa = PBXFileReference; explicitFileType = wrapper.application; includeInIndex = 0; path = Workouter.app; sourceTree = BUILT_PRODUCTS_DIR; };
		F01375C21A4CA18E00C683A8 /* WorkouterTests.xctest */ = {isa = PBXFileReference; explicitFileType = wrapper.cfbundle; includeInIndex = 0; path = WorkouterTests.xctest; sourceTree = BUILT_PRODUCTS_DIR; };
		F08ED6041ABE83B3005BEBB3 /* WorkoutsView.swift */ = {isa = PBXFileReference; fileEncoding = 4; lastKnownFileType = sourcecode.swift; path = WorkoutsView.swift; sourceTree = "<group>"; };
		F08ED6071ABE88BA005BEBB3 /* BaseView.swift */ = {isa = PBXFileReference; fileEncoding = 4; lastKnownFileType = sourcecode.swift; path = BaseView.swift; sourceTree = "<group>"; };
		F08ED60A1ABEA157005BEBB3 /* DefaultWorkouts.json */ = {isa = PBXFileReference; fileEncoding = 4; lastKnownFileType = text.json; path = DefaultWorkouts.json; sourceTree = "<group>"; };
		F09702BA1ACA42A300498DEE /* AnalyticsTracker.swift */ = {isa = PBXFileReference; fileEncoding = 4; lastKnownFileType = sourcecode.swift; path = AnalyticsTracker.swift; sourceTree = "<group>"; };
		F09702D81ACA48E700498DEE /* Workouter copy.app */ = {isa = PBXFileReference; explicitFileType = wrapper.application; includeInIndex = 0; path = "Workouter copy.app"; sourceTree = BUILT_PRODUCTS_DIR; };
		F09702DA1ACA492100498DEE /* Workouter-Info.plist */ = {isa = PBXFileReference; lastKnownFileType = text.plist.xml; path = "Workouter-Info.plist"; sourceTree = "<group>"; };
		F09702DB1ACA492100498DEE /* Workouter QA-Info.plist */ = {isa = PBXFileReference; lastKnownFileType = text.plist.xml; path = "Workouter QA-Info.plist"; sourceTree = "<group>"; };
		F09702E11ACA4CFD00498DEE /* Flurry.h */ = {isa = PBXFileReference; fileEncoding = 4; lastKnownFileType = sourcecode.c.h; name = Flurry.h; path = Flurry/Flurry.h; sourceTree = "<group>"; };
		F09702E21ACA4CFD00498DEE /* libFlurry_6.2.0.a */ = {isa = PBXFileReference; lastKnownFileType = archive.ar; name = libFlurry_6.2.0.a; path = Flurry/libFlurry_6.2.0.a; sourceTree = "<group>"; };
		F097067F1ACA4FF600498DEE /* Workouter-Bridging-Header.h */ = {isa = PBXFileReference; fileEncoding = 4; lastKnownFileType = sourcecode.c.h; path = "Workouter-Bridging-Header.h"; sourceTree = "<group>"; };
		F09706801ACA511700498DEE /* SystemConfiguration.framework */ = {isa = PBXFileReference; lastKnownFileType = wrapper.framework; name = SystemConfiguration.framework; path = System/Library/Frameworks/SystemConfiguration.framework; sourceTree = SDKROOT; };
		F09706931ACA599200498DEE /* Fabric.framework */ = {isa = PBXFileReference; lastKnownFileType = wrapper.framework; path = Fabric.framework; sourceTree = "<group>"; };
		F09706971ACA5AF000498DEE /* Crashlytics.framework */ = {isa = PBXFileReference; lastKnownFileType = wrapper.framework; path = Crashlytics.framework; sourceTree = "<group>"; };
		F097069C1ACA687800498DEE /* FBSDKCoreKit.framework */ = {isa = PBXFileReference; lastKnownFileType = wrapper.framework; path = FBSDKCoreKit.framework; sourceTree = "<group>"; };
		F097069D1ACA687800498DEE /* FBSDKLoginKit.framework */ = {isa = PBXFileReference; lastKnownFileType = wrapper.framework; path = FBSDKLoginKit.framework; sourceTree = "<group>"; };
		F097069E1ACA687800498DEE /* FBSDKShareKit.framework */ = {isa = PBXFileReference; lastKnownFileType = wrapper.framework; path = FBSDKShareKit.framework; sourceTree = "<group>"; };
		F0C3424A1A9E4BC800B9D480 /* Images.xcassets */ = {isa = PBXFileReference; lastKnownFileType = folder.assetcatalog; path = Images.xcassets; sourceTree = "<group>"; };
		F0C3424E1A9E4BC800B9D480 /* AppDelegate.swift */ = {isa = PBXFileReference; fileEncoding = 4; lastKnownFileType = sourcecode.swift; path = AppDelegate.swift; sourceTree = "<group>"; };
		F0C3424F1A9E4BC800B9D480 /* LaunchScreen.xib */ = {isa = PBXFileReference; fileEncoding = 4; lastKnownFileType = file.xib; path = LaunchScreen.xib; sourceTree = "<group>"; };
		F0C342501A9E4BC800B9D480 /* Main.storyboard */ = {isa = PBXFileReference; fileEncoding = 4; lastKnownFileType = file.storyboard; path = Main.storyboard; sourceTree = "<group>"; };
		F0C342531A9E4BC800B9D480 /* ModelProvider.swift */ = {isa = PBXFileReference; fileEncoding = 4; lastKnownFileType = sourcecode.swift; path = ModelProvider.swift; sourceTree = "<group>"; };
		F0C342561A9E4BC800B9D480 /* WorkoutPlayer.swift */ = {isa = PBXFileReference; fileEncoding = 4; lastKnownFileType = sourcecode.swift; path = WorkoutPlayer.swift; sourceTree = "<group>"; };
		F0C342591A9E4BC800B9D480 /* Workout.swift */ = {isa = PBXFileReference; fileEncoding = 4; lastKnownFileType = sourcecode.swift; path = Workout.swift; sourceTree = "<group>"; };
		F0C3425A1A9E4BC800B9D480 /* WorkoutStep.swift */ = {isa = PBXFileReference; fileEncoding = 4; lastKnownFileType = sourcecode.swift; path = WorkoutStep.swift; sourceTree = "<group>"; };
		F0C3425B1A9E4BC800B9D480 /* WorkoutsProvider.swift */ = {isa = PBXFileReference; fileEncoding = 4; lastKnownFileType = sourcecode.swift; path = WorkoutsProvider.swift; sourceTree = "<group>"; };
		F0C342601A9E4BC800B9D480 /* BaseScreen.swift */ = {isa = PBXFileReference; fileEncoding = 4; lastKnownFileType = sourcecode.swift; path = BaseScreen.swift; sourceTree = "<group>"; };
		F0C342621A9E4BC800B9D480 /* NewStepScreen.swift */ = {isa = PBXFileReference; fileEncoding = 4; lastKnownFileType = sourcecode.swift; path = NewStepScreen.swift; sourceTree = "<group>"; };
		F0C342641A9E4BC800B9D480 /* NewWorkoutScreen.swift */ = {isa = PBXFileReference; fileEncoding = 4; lastKnownFileType = sourcecode.swift; path = NewWorkoutScreen.swift; sourceTree = "<group>"; };
		F0C342661A9E4BC800B9D480 /* StepTemplatesScreen.swift */ = {isa = PBXFileReference; fileEncoding = 4; lastKnownFileType = sourcecode.swift; path = StepTemplatesScreen.swift; sourceTree = "<group>"; };
		F0C342681A9E4BC800B9D480 /* WorkoutDetailsScreen.swift */ = {isa = PBXFileReference; fileEncoding = 4; lastKnownFileType = sourcecode.swift; path = WorkoutDetailsScreen.swift; sourceTree = "<group>"; };
		F0C3426A1A9E4BC800B9D480 /* WorkoutCell.swift */ = {isa = PBXFileReference; fileEncoding = 4; lastKnownFileType = sourcecode.swift; path = WorkoutCell.swift; sourceTree = "<group>"; };
		F0C3426B1A9E4BC800B9D480 /* WorkoutsScreen.swift */ = {isa = PBXFileReference; fileEncoding = 4; lastKnownFileType = sourcecode.swift; path = WorkoutsScreen.swift; sourceTree = "<group>"; };
		F0C3426D1A9E4BC800B9D480 /* Info.plist */ = {isa = PBXFileReference; fileEncoding = 4; lastKnownFileType = text.plist.xml; path = Info.plist; sourceTree = "<group>"; };
		F0C3426E1A9E4BC800B9D480 /* WorkouterTests.swift */ = {isa = PBXFileReference; fileEncoding = 4; lastKnownFileType = sourcecode.swift; path = WorkouterTests.swift; sourceTree = "<group>"; };
/* End PBXFileReference section */

/* Begin PBXFrameworksBuildPhase section */
		F01375AA1A4CA18E00C683A8 /* Frameworks */ = {
			isa = PBXFrameworksBuildPhase;
			buildActionMask = 2147483647;
			files = (
				F097069F1ACA687800498DEE /* FBSDKCoreKit.framework in Frameworks */,
				F09706811ACA511700498DEE /* SystemConfiguration.framework in Frameworks */,
				F09706A21ACA687800498DEE /* FBSDKLoginKit.framework in Frameworks */,
				F09706A51ACA687800498DEE /* FBSDKShareKit.framework in Frameworks */,
				F09703D91ACA4CFD00498DEE /* libFlurry_6.2.0.a in Frameworks */,
				F09706981ACA5AF000498DEE /* Crashlytics.framework in Frameworks */,
				F09706941ACA599200498DEE /* Fabric.framework in Frameworks */,
			);
			runOnlyForDeploymentPostprocessing = 0;
		};
		F01375BF1A4CA18E00C683A8 /* Frameworks */ = {
			isa = PBXFrameworksBuildPhase;
			buildActionMask = 2147483647;
			files = (
				F09703DB1ACA4CFD00498DEE /* libFlurry_6.2.0.a in Frameworks */,
				F09706A11ACA687800498DEE /* FBSDKCoreKit.framework in Frameworks */,
				F09706A71ACA687800498DEE /* FBSDKShareKit.framework in Frameworks */,
				F09706A41ACA687800498DEE /* FBSDKLoginKit.framework in Frameworks */,
				F097069A1ACA5AF000498DEE /* Crashlytics.framework in Frameworks */,
				F09706961ACA599200498DEE /* Fabric.framework in Frameworks */,
			);
			runOnlyForDeploymentPostprocessing = 0;
		};
		F09702CF1ACA48E700498DEE /* Frameworks */ = {
			isa = PBXFrameworksBuildPhase;
			buildActionMask = 2147483647;
			files = (
				F09706A01ACA687800498DEE /* FBSDKCoreKit.framework in Frameworks */,
				F09706821ACA512000498DEE /* SystemConfiguration.framework in Frameworks */,
				F09706A31ACA687800498DEE /* FBSDKLoginKit.framework in Frameworks */,
				F09706A61ACA687800498DEE /* FBSDKShareKit.framework in Frameworks */,
				F09703DA1ACA4CFD00498DEE /* libFlurry_6.2.0.a in Frameworks */,
				F09706991ACA5AF000498DEE /* Crashlytics.framework in Frameworks */,
				F09706951ACA599200498DEE /* Fabric.framework in Frameworks */,
			);
			runOnlyForDeploymentPostprocessing = 0;
		};
/* End PBXFrameworksBuildPhase section */

/* Begin PBXGroup section */
		F01375A41A4CA18E00C683A8 = {
			isa = PBXGroup;
			children = (
				F0C3424C1A9E4BC800B9D480 /* Sources */,
				F0C342491A9E4BC800B9D480 /* Resources */,
				F0C3426C1A9E4BC800B9D480 /* Tests */,
				F09702DE1ACA4CFD00498DEE /* Libraries */,
				F09706831ACA543B00498DEE /* Frameworks */,
				F01375AE1A4CA18E00C683A8 /* Products */,
			);
			sourceTree = "<group>";
		};
		F01375AE1A4CA18E00C683A8 /* Products */ = {
			isa = PBXGroup;
			children = (
				F01375AD1A4CA18E00C683A8 /* Workouter.app */,
				F01375C21A4CA18E00C683A8 /* WorkouterTests.xctest */,
				F09702D81ACA48E700498DEE /* Workouter copy.app */,
			);
			name = Products;
			sourceTree = "<group>";
		};
		F09702B81ACA425C00498DEE /* Utils */ = {
			isa = PBXGroup;
			children = (
				F09702B91ACA425C00498DEE /* AnalyticsTracker */,
			);
			path = Utils;
			sourceTree = "<group>";
		};
		F09702B91ACA425C00498DEE /* AnalyticsTracker */ = {
			isa = PBXGroup;
			children = (
				F09702BA1ACA42A300498DEE /* AnalyticsTracker.swift */,
			);
			path = AnalyticsTracker;
			sourceTree = "<group>";
		};
		F09702DE1ACA4CFD00498DEE /* Libraries */ = {
			isa = PBXGroup;
			children = (
				F097069B1ACA687800498DEE /* Facebook */,
				F09706861ACA592D00498DEE /* Crashlytics-v1.1.1 */,
				F09702DF1ACA4CFD00498DEE /* Flurry-v6.2.0 */,
			);
			path = Libraries;
			sourceTree = "<group>";
		};
		F09702DF1ACA4CFD00498DEE /* Flurry-v6.2.0 */ = {
			isa = PBXGroup;
			children = (
				F09702E11ACA4CFD00498DEE /* Flurry.h */,
				F09702E21ACA4CFD00498DEE /* libFlurry_6.2.0.a */,
			);
			path = "Flurry-v6.2.0";
			sourceTree = "<group>";
		};
		F09706831ACA543B00498DEE /* Frameworks */ = {
			isa = PBXGroup;
			children = (
				F09706801ACA511700498DEE /* SystemConfiguration.framework */,
			);
			name = Frameworks;
			sourceTree = "<group>";
		};
		F09706861ACA592D00498DEE /* Crashlytics-v1.1.1 */ = {
			isa = PBXGroup;
			children = (
				F09706971ACA5AF000498DEE /* Crashlytics.framework */,
				F09706931ACA599200498DEE /* Fabric.framework */,
			);
			path = "Crashlytics-v1.1.1";
			sourceTree = "<group>";
		};
		F097069B1ACA687800498DEE /* Facebook */ = {
			isa = PBXGroup;
			children = (
				F097069C1ACA687800498DEE /* FBSDKCoreKit.framework */,
				F097069D1ACA687800498DEE /* FBSDKLoginKit.framework */,
				F097069E1ACA687800498DEE /* FBSDKShareKit.framework */,
			);
			path = Facebook;
			sourceTree = "<group>";
		};
		F0C342491A9E4BC800B9D480 /* Resources */ = {
			isa = PBXGroup;
			children = (
				F09702DA1ACA492100498DEE /* Workouter-Info.plist */,
				F09702DB1ACA492100498DEE /* Workouter QA-Info.plist */,
				F0C3424A1A9E4BC800B9D480 /* Images.xcassets */,
				F08ED60A1ABEA157005BEBB3 /* DefaultWorkouts.json */,
			);
			path = Resources;
			sourceTree = "<group>";
		};
		F0C3424C1A9E4BC800B9D480 /* Sources */ = {
			isa = PBXGroup;
			children = (
				F0C3424D1A9E4BC800B9D480 /* Main */,
				F0C342511A9E4BC800B9D480 /* Model */,
				F0C3425D1A9E4BC800B9D480 /* UI */,
				F09702B81ACA425C00498DEE /* Utils */,
			);
			path = Sources;
			sourceTree = "<group>";
		};
		F0C3424D1A9E4BC800B9D480 /* Main */ = {
			isa = PBXGroup;
			children = (
				F0C3424E1A9E4BC800B9D480 /* AppDelegate.swift */,
				F0C3424F1A9E4BC800B9D480 /* LaunchScreen.xib */,
				F0C342501A9E4BC800B9D480 /* Main.storyboard */,
				F097067F1ACA4FF600498DEE /* Workouter-Bridging-Header.h */,
			);
			path = Main;
			sourceTree = "<group>";
		};
		F0C342511A9E4BC800B9D480 /* Model */ = {
			isa = PBXGroup;
			children = (
				F0C342521A9E4BC800B9D480 /* ModelProvider */,
				F0C342551A9E4BC800B9D480 /* WorkoutPlayer */,
				F0C342571A9E4BC800B9D480 /* WorkoutsProvider */,
			);
			path = Model;
			sourceTree = "<group>";
		};
		F0C342521A9E4BC800B9D480 /* ModelProvider */ = {
			isa = PBXGroup;
			children = (
				F0C342531A9E4BC800B9D480 /* ModelProvider.swift */,
			);
			path = ModelProvider;
			sourceTree = "<group>";
		};
		F0C342551A9E4BC800B9D480 /* WorkoutPlayer */ = {
			isa = PBXGroup;
			children = (
				F0C342561A9E4BC800B9D480 /* WorkoutPlayer.swift */,
			);
			path = WorkoutPlayer;
			sourceTree = "<group>";
		};
		F0C342571A9E4BC800B9D480 /* WorkoutsProvider */ = {
			isa = PBXGroup;
			children = (
				F0C342581A9E4BC800B9D480 /* DTO */,
				F0C3425B1A9E4BC800B9D480 /* WorkoutsProvider.swift */,
			);
			path = WorkoutsProvider;
			sourceTree = "<group>";
		};
		F0C342581A9E4BC800B9D480 /* DTO */ = {
			isa = PBXGroup;
			children = (
				F0C342591A9E4BC800B9D480 /* Workout.swift */,
				F0C3425A1A9E4BC800B9D480 /* WorkoutStep.swift */,
			);
			path = DTO;
			sourceTree = "<group>";
		};
		F0C3425D1A9E4BC800B9D480 /* UI */ = {
			isa = PBXGroup;
			children = (
				F0C3425E1A9E4BC800B9D480 /* Screens */,
			);
			path = UI;
			sourceTree = "<group>";
		};
		F0C3425E1A9E4BC800B9D480 /* Screens */ = {
			isa = PBXGroup;
			children = (
				F0C3425F1A9E4BC800B9D480 /* BaseScreen */,
				F0C342611A9E4BC800B9D480 /* NewStepScreen */,
				F0C342631A9E4BC800B9D480 /* NewWorkoutScreen */,
				F0C342651A9E4BC800B9D480 /* StepTemplatesScreen */,
				F0C342671A9E4BC800B9D480 /* WorkoutDetailsScreen */,
				F0C342691A9E4BC800B9D480 /* WorkoutsScreen */,
			);
			path = Screens;
			sourceTree = "<group>";
		};
		F0C3425F1A9E4BC800B9D480 /* BaseScreen */ = {
			isa = PBXGroup;
			children = (
				F0C342601A9E4BC800B9D480 /* BaseScreen.swift */,
				F08ED6071ABE88BA005BEBB3 /* BaseView.swift */,
			);
			path = BaseScreen;
			sourceTree = "<group>";
		};
		F0C342611A9E4BC800B9D480 /* NewStepScreen */ = {
			isa = PBXGroup;
			children = (
				F0C342621A9E4BC800B9D480 /* NewStepScreen.swift */,
			);
			path = NewStepScreen;
			sourceTree = "<group>";
		};
		F0C342631A9E4BC800B9D480 /* NewWorkoutScreen */ = {
			isa = PBXGroup;
			children = (
				F0C342641A9E4BC800B9D480 /* NewWorkoutScreen.swift */,
			);
			path = NewWorkoutScreen;
			sourceTree = "<group>";
		};
		F0C342651A9E4BC800B9D480 /* StepTemplatesScreen */ = {
			isa = PBXGroup;
			children = (
				F0C342661A9E4BC800B9D480 /* StepTemplatesScreen.swift */,
			);
			path = StepTemplatesScreen;
			sourceTree = "<group>";
		};
		F0C342671A9E4BC800B9D480 /* WorkoutDetailsScreen */ = {
			isa = PBXGroup;
			children = (
				F0C342681A9E4BC800B9D480 /* WorkoutDetailsScreen.swift */,
			);
			path = WorkoutDetailsScreen;
			sourceTree = "<group>";
		};
		F0C342691A9E4BC800B9D480 /* WorkoutsScreen */ = {
			isa = PBXGroup;
			children = (
				F0C3426A1A9E4BC800B9D480 /* WorkoutCell.swift */,
				F08ED6041ABE83B3005BEBB3 /* WorkoutsView.swift */,
				F0C3426B1A9E4BC800B9D480 /* WorkoutsScreen.swift */,
			);
			path = WorkoutsScreen;
			sourceTree = "<group>";
		};
		F0C3426C1A9E4BC800B9D480 /* Tests */ = {
			isa = PBXGroup;
			children = (
				F0C3426D1A9E4BC800B9D480 /* Info.plist */,
				F0C3426E1A9E4BC800B9D480 /* WorkouterTests.swift */,
			);
			path = Tests;
			sourceTree = "<group>";
		};
/* End PBXGroup section */

/* Begin PBXNativeTarget section */
		F01375AC1A4CA18E00C683A8 /* Workouter */ = {
			isa = PBXNativeTarget;
			buildConfigurationList = F01375CC1A4CA18E00C683A8 /* Build configuration list for PBXNativeTarget "Workouter" */;
			buildPhases = (
				F01375A91A4CA18E00C683A8 /* Sources */,
				F01375AA1A4CA18E00C683A8 /* Frameworks */,
				F01375AB1A4CA18E00C683A8 /* Resources */,
				F09706841ACA584600498DEE /* ShellScript */,
			);
			buildRules = (
			);
			dependencies = (
			);
			name = Workouter;
			productName = SportTime;
			productReference = F01375AD1A4CA18E00C683A8 /* Workouter.app */;
			productType = "com.apple.product-type.application";
		};
		F01375C11A4CA18E00C683A8 /* WorkouterTests */ = {
			isa = PBXNativeTarget;
			buildConfigurationList = F01375CF1A4CA18E00C683A8 /* Build configuration list for PBXNativeTarget "WorkouterTests" */;
			buildPhases = (
				F01375BE1A4CA18E00C683A8 /* Sources */,
				F01375BF1A4CA18E00C683A8 /* Frameworks */,
				F01375C01A4CA18E00C683A8 /* Resources */,
			);
			buildRules = (
			);
			dependencies = (
				F01375C41A4CA18E00C683A8 /* PBXTargetDependency */,
			);
			name = WorkouterTests;
			productName = SportTimeTests;
			productReference = F01375C21A4CA18E00C683A8 /* WorkouterTests.xctest */;
			productType = "com.apple.product-type.bundle.unit-test";
		};
		F09702BD1ACA48E700498DEE /* Workouter QA */ = {
			isa = PBXNativeTarget;
			buildConfigurationList = F09702D51ACA48E700498DEE /* Build configuration list for PBXNativeTarget "Workouter QA" */;
			buildPhases = (
				F09702BE1ACA48E700498DEE /* Sources */,
				F09702CF1ACA48E700498DEE /* Frameworks */,
				F09702D01ACA48E700498DEE /* Resources */,
				F09706851ACA585900498DEE /* ShellScript */,
			);
			buildRules = (
			);
			dependencies = (
			);
			name = "Workouter QA";
			productName = SportTime;
			productReference = F09702D81ACA48E700498DEE /* Workouter copy.app */;
			productType = "com.apple.product-type.application";
		};
/* End PBXNativeTarget section */

/* Begin PBXProject section */
		F01375A51A4CA18E00C683A8 /* Project object */ = {
			isa = PBXProject;
			attributes = {
				LastUpgradeCheck = 0610;
				ORGANIZATIONNAME = visput;
				TargetAttributes = {
					F01375AC1A4CA18E00C683A8 = {
						CreatedOnToolsVersion = 6.1.1;
					};
					F01375C11A4CA18E00C683A8 = {
						CreatedOnToolsVersion = 6.1.1;
						TestTargetID = F01375AC1A4CA18E00C683A8;
					};
				};
			};
			buildConfigurationList = F01375A81A4CA18E00C683A8 /* Build configuration list for PBXProject "Workouter" */;
			compatibilityVersion = "Xcode 3.2";
			developmentRegion = English;
			hasScannedForEncodings = 0;
			knownRegions = (
				en,
				Base,
			);
			mainGroup = F01375A41A4CA18E00C683A8;
			productRefGroup = F01375AE1A4CA18E00C683A8 /* Products */;
			projectDirPath = "";
			projectRoot = "";
			targets = (
				F01375AC1A4CA18E00C683A8 /* Workouter */,
				F09702BD1ACA48E700498DEE /* Workouter QA */,
				F01375C11A4CA18E00C683A8 /* WorkouterTests */,
			);
		};
/* End PBXProject section */

/* Begin PBXResourcesBuildPhase section */
		F01375AB1A4CA18E00C683A8 /* Resources */ = {
			isa = PBXResourcesBuildPhase;
			buildActionMask = 2147483647;
			files = (
				F0C342751A9E4BC800B9D480 /* LaunchScreen.xib in Resources */,
				F0C3426F1A9E4BC800B9D480 /* Images.xcassets in Resources */,
				F0C342771A9E4BC800B9D480 /* Main.storyboard in Resources */,
				F08ED60B1ABEA157005BEBB3 /* DefaultWorkouts.json in Resources */,
			);
			runOnlyForDeploymentPostprocessing = 0;
		};
		F01375C01A4CA18E00C683A8 /* Resources */ = {
			isa = PBXResourcesBuildPhase;
			buildActionMask = 2147483647;
			files = (
				F0C342761A9E4BC800B9D480 /* LaunchScreen.xib in Resources */,
				F0C342701A9E4BC800B9D480 /* Images.xcassets in Resources */,
				F0C342781A9E4BC800B9D480 /* Main.storyboard in Resources */,
				F08ED60C1ABEA157005BEBB3 /* DefaultWorkouts.json in Resources */,
			);
			runOnlyForDeploymentPostprocessing = 0;
		};
		F09702D01ACA48E700498DEE /* Resources */ = {
			isa = PBXResourcesBuildPhase;
			buildActionMask = 2147483647;
			files = (
				F09702D11ACA48E700498DEE /* LaunchScreen.xib in Resources */,
				F09702D21ACA48E700498DEE /* Images.xcassets in Resources */,
				F09702D31ACA48E700498DEE /* Main.storyboard in Resources */,
				F09702D41ACA48E700498DEE /* DefaultWorkouts.json in Resources */,
			);
			runOnlyForDeploymentPostprocessing = 0;
		};
/* End PBXResourcesBuildPhase section */

/* Begin PBXShellScriptBuildPhase section */
		F09706841ACA584600498DEE /* ShellScript */ = {
			isa = PBXShellScriptBuildPhase;
			buildActionMask = 2147483647;
			files = (
			);
			inputPaths = (
			);
			outputPaths = (
			);
			runOnlyForDeploymentPostprocessing = 0;
			shellPath = /bin/sh;
			shellScript = "Libraries/Crashlytics-v1.1.1/Fabric.framework/run 8848a7672c67cf781cf1f20388b3c330c7f0d5be 34855c0cf709ce272884a13e3b1b0fc95ccabe1bd0ed15f3328369ad3f77b1ef";
		};
		F09706851ACA585900498DEE /* ShellScript */ = {
			isa = PBXShellScriptBuildPhase;
			buildActionMask = 2147483647;
			files = (
			);
			inputPaths = (
			);
			outputPaths = (
			);
			runOnlyForDeploymentPostprocessing = 0;
			shellPath = /bin/sh;
			shellScript = "Libraries/Crashlytics-v1.1.1/Fabric.framework/run 8848a7672c67cf781cf1f20388b3c330c7f0d5be 34855c0cf709ce272884a13e3b1b0fc95ccabe1bd0ed15f3328369ad3f77b1ef";
		};
/* End PBXShellScriptBuildPhase section */

/* Begin PBXSourcesBuildPhase section */
		F01375A91A4CA18E00C683A8 /* Sources */ = {
			isa = PBXSourcesBuildPhase;
			buildActionMask = 2147483647;
			files = (
				F0C342791A9E4BC800B9D480 /* ModelProvider.swift in Sources */,
				F0C3427F1A9E4BC800B9D480 /* WorkoutStep.swift in Sources */,
				F0C3428F1A9E4BC800B9D480 /* WorkoutsScreen.swift in Sources */,
				F0C342831A9E4BC800B9D480 /* BaseScreen.swift in Sources */,
				F0C3428D1A9E4BC800B9D480 /* WorkoutCell.swift in Sources */,
				F09702BB1ACA42A300498DEE /* AnalyticsTracker.swift in Sources */,
				F0C3427B1A9E4BC800B9D480 /* WorkoutPlayer.swift in Sources */,
				F0C342851A9E4BC800B9D480 /* NewStepScreen.swift in Sources */,
				F0C342891A9E4BC800B9D480 /* StepTemplatesScreen.swift in Sources */,
				F0C3428B1A9E4BC800B9D480 /* WorkoutDetailsScreen.swift in Sources */,
				F0C342731A9E4BC800B9D480 /* AppDelegate.swift in Sources */,
				F0C342811A9E4BC800B9D480 /* WorkoutsProvider.swift in Sources */,
				F0C3427D1A9E4BC800B9D480 /* Workout.swift in Sources */,
				F08ED6081ABE88BA005BEBB3 /* BaseView.swift in Sources */,
				F08ED6051ABE83B3005BEBB3 /* WorkoutsView.swift in Sources */,
				F0C342871A9E4BC800B9D480 /* NewWorkoutScreen.swift in Sources */,
			);
			runOnlyForDeploymentPostprocessing = 0;
		};
		F01375BE1A4CA18E00C683A8 /* Sources */ = {
			isa = PBXSourcesBuildPhase;
			buildActionMask = 2147483647;
			files = (
				F09702BC1ACA42A300498DEE /* AnalyticsTracker.swift in Sources */,
				F0C3427A1A9E4BC800B9D480 /* ModelProvider.swift in Sources */,
				F0C342801A9E4BC800B9D480 /* WorkoutStep.swift in Sources */,
				F0C342901A9E4BC800B9D480 /* WorkoutsScreen.swift in Sources */,
				F0C342841A9E4BC800B9D480 /* BaseScreen.swift in Sources */,
				F0C3428E1A9E4BC800B9D480 /* WorkoutCell.swift in Sources */,
				F0C3427C1A9E4BC800B9D480 /* WorkoutPlayer.swift in Sources */,
				F0C342861A9E4BC800B9D480 /* NewStepScreen.swift in Sources */,
				F0C3428A1A9E4BC800B9D480 /* StepTemplatesScreen.swift in Sources */,
				F0C3428C1A9E4BC800B9D480 /* WorkoutDetailsScreen.swift in Sources */,
				F0C342741A9E4BC800B9D480 /* AppDelegate.swift in Sources */,
				F0C342821A9E4BC800B9D480 /* WorkoutsProvider.swift in Sources */,
				F08ED6061ABE83B3005BEBB3 /* WorkoutsView.swift in Sources */,
				F0C3427E1A9E4BC800B9D480 /* Workout.swift in Sources */,
				F0C342881A9E4BC800B9D480 /* NewWorkoutScreen.swift in Sources */,
				F0C342941A9E4BC800B9D480 /* WorkouterTests.swift in Sources */,
				F08ED6091ABE88BA005BEBB3 /* BaseView.swift in Sources */,
			);
			runOnlyForDeploymentPostprocessing = 0;
		};
		F09702BE1ACA48E700498DEE /* Sources */ = {
			isa = PBXSourcesBuildPhase;
			buildActionMask = 2147483647;
			files = (
				F09702BF1ACA48E700498DEE /* ModelProvider.swift in Sources */,
				F09702C01ACA48E700498DEE /* WorkoutStep.swift in Sources */,
				F09702C11ACA48E700498DEE /* WorkoutsScreen.swift in Sources */,
				F09702C21ACA48E700498DEE /* BaseScreen.swift in Sources */,
				F09702C31ACA48E700498DEE /* WorkoutCell.swift in Sources */,
				F09702C41ACA48E700498DEE /* AnalyticsTracker.swift in Sources */,
				F09702C51ACA48E700498DEE /* WorkoutPlayer.swift in Sources */,
				F09702C61ACA48E700498DEE /* NewStepScreen.swift in Sources */,
				F09702C71ACA48E700498DEE /* StepTemplatesScreen.swift in Sources */,
				F09702C81ACA48E700498DEE /* WorkoutDetailsScreen.swift in Sources */,
				F09702C91ACA48E700498DEE /* AppDelegate.swift in Sources */,
				F09702CA1ACA48E700498DEE /* WorkoutsProvider.swift in Sources */,
				F09702CB1ACA48E700498DEE /* Workout.swift in Sources */,
				F09702CC1ACA48E700498DEE /* BaseView.swift in Sources */,
				F09702CD1ACA48E700498DEE /* WorkoutsView.swift in Sources */,
				F09702CE1ACA48E700498DEE /* NewWorkoutScreen.swift in Sources */,
			);
			runOnlyForDeploymentPostprocessing = 0;
		};
/* End PBXSourcesBuildPhase section */

/* Begin PBXTargetDependency section */
		F01375C41A4CA18E00C683A8 /* PBXTargetDependency */ = {
			isa = PBXTargetDependency;
			target = F01375AC1A4CA18E00C683A8 /* Workouter */;
			targetProxy = F01375C31A4CA18E00C683A8 /* PBXContainerItemProxy */;
		};
/* End PBXTargetDependency section */

/* Begin XCBuildConfiguration section */
		F01375CA1A4CA18E00C683A8 /* Debug */ = {
			isa = XCBuildConfiguration;
			buildSettings = {
				ALWAYS_SEARCH_USER_PATHS = NO;
				CLANG_CXX_LANGUAGE_STANDARD = "gnu++0x";
				CLANG_CXX_LIBRARY = "libc++";
				CLANG_ENABLE_MODULES = YES;
				CLANG_ENABLE_OBJC_ARC = YES;
				CLANG_WARN_BOOL_CONVERSION = YES;
				CLANG_WARN_CONSTANT_CONVERSION = YES;
				CLANG_WARN_DIRECT_OBJC_ISA_USAGE = YES_ERROR;
				CLANG_WARN_EMPTY_BODY = YES;
				CLANG_WARN_ENUM_CONVERSION = YES;
				CLANG_WARN_INT_CONVERSION = YES;
				CLANG_WARN_OBJC_ROOT_CLASS = YES_ERROR;
				CLANG_WARN_UNREACHABLE_CODE = YES;
				CLANG_WARN__DUPLICATE_METHOD_MATCH = YES;
				"CODE_SIGN_IDENTITY[sdk=iphoneos*]" = "iPhone Developer";
				COPY_PHASE_STRIP = NO;
				ENABLE_STRICT_OBJC_MSGSEND = YES;
				GCC_C_LANGUAGE_STANDARD = gnu99;
				GCC_DYNAMIC_NO_PIC = NO;
				GCC_OPTIMIZATION_LEVEL = 0;
				GCC_PREPROCESSOR_DEFINITIONS = (
					"DEBUG=1",
					"$(inherited)",
				);
				GCC_SYMBOLS_PRIVATE_EXTERN = NO;
				GCC_WARN_64_TO_32_BIT_CONVERSION = YES;
				GCC_WARN_ABOUT_RETURN_TYPE = YES_ERROR;
				GCC_WARN_UNDECLARED_SELECTOR = YES;
				GCC_WARN_UNINITIALIZED_AUTOS = YES_AGGRESSIVE;
				GCC_WARN_UNUSED_FUNCTION = YES;
				GCC_WARN_UNUSED_VARIABLE = YES;
				IPHONEOS_DEPLOYMENT_TARGET = 8.0;
				MTL_ENABLE_DEBUG_INFO = YES;
				ONLY_ACTIVE_ARCH = YES;
				SDKROOT = iphoneos;
				SWIFT_OPTIMIZATION_LEVEL = "-Onone";
			};
			name = Debug;
		};
		F01375CB1A4CA18E00C683A8 /* Release */ = {
			isa = XCBuildConfiguration;
			buildSettings = {
				ALWAYS_SEARCH_USER_PATHS = NO;
				CLANG_CXX_LANGUAGE_STANDARD = "gnu++0x";
				CLANG_CXX_LIBRARY = "libc++";
				CLANG_ENABLE_MODULES = YES;
				CLANG_ENABLE_OBJC_ARC = YES;
				CLANG_WARN_BOOL_CONVERSION = YES;
				CLANG_WARN_CONSTANT_CONVERSION = YES;
				CLANG_WARN_DIRECT_OBJC_ISA_USAGE = YES_ERROR;
				CLANG_WARN_EMPTY_BODY = YES;
				CLANG_WARN_ENUM_CONVERSION = YES;
				CLANG_WARN_INT_CONVERSION = YES;
				CLANG_WARN_OBJC_ROOT_CLASS = YES_ERROR;
				CLANG_WARN_UNREACHABLE_CODE = YES;
				CLANG_WARN__DUPLICATE_METHOD_MATCH = YES;
				"CODE_SIGN_IDENTITY[sdk=iphoneos*]" = "iPhone Developer";
				COPY_PHASE_STRIP = YES;
				ENABLE_NS_ASSERTIONS = NO;
				ENABLE_STRICT_OBJC_MSGSEND = YES;
				GCC_C_LANGUAGE_STANDARD = gnu99;
				GCC_WARN_64_TO_32_BIT_CONVERSION = YES;
				GCC_WARN_ABOUT_RETURN_TYPE = YES_ERROR;
				GCC_WARN_UNDECLARED_SELECTOR = YES;
				GCC_WARN_UNINITIALIZED_AUTOS = YES_AGGRESSIVE;
				GCC_WARN_UNUSED_FUNCTION = YES;
				GCC_WARN_UNUSED_VARIABLE = YES;
				IPHONEOS_DEPLOYMENT_TARGET = 8.0;
				MTL_ENABLE_DEBUG_INFO = NO;
				SDKROOT = iphoneos;
				VALIDATE_PRODUCT = YES;
			};
			name = Release;
		};
		F01375CD1A4CA18E00C683A8 /* Debug */ = {
			isa = XCBuildConfiguration;
			buildSettings = {
				ASSETCATALOG_COMPILER_APPICON_NAME = AppIcon;
				CODE_SIGN_IDENTITY = "iPhone Developer: Vladimir Popko (56SA7L89YB)";
				FRAMEWORK_SEARCH_PATHS = (
					"$(inherited)",
					"$(PROJECT_DIR)/Libraries/Crashlytics-v1.1.1",
					"$(PROJECT_DIR)",
					"$(PROJECT_DIR)/Libraries/Facebook",
				);
				INFOPLIST_FILE = "Resources/Workouter-Info.plist";
				LD_RUNPATH_SEARCH_PATHS = "$(inherited) @executable_path/Frameworks";
				LIBRARY_SEARCH_PATHS = (
					"$(inherited)",
					"$(PROJECT_DIR)/Libraries/Flurry-v6.2.0/Flurry",
					"$(PROJECT_DIR)/Libraries/Flurry-v6.2.0/FlurryAds",
				);
				PRODUCT_NAME = Workouter;
				PROVISIONING_PROFILE = "c23d2a77-6602-42bd-8b45-3935b3f9dadf";
				SWIFT_OBJC_BRIDGING_HEADER = "Sources/Main/Workouter-Bridging-Header.h";
			};
			name = Debug;
		};
		F01375CE1A4CA18E00C683A8 /* Release */ = {
			isa = XCBuildConfiguration;
			buildSettings = {
				ASSETCATALOG_COMPILER_APPICON_NAME = AppIcon;
				CODE_SIGN_IDENTITY = "iPhone Developer: Vladimir Popko (56SA7L89YB)";
				FRAMEWORK_SEARCH_PATHS = (
					"$(inherited)",
					"$(PROJECT_DIR)/Libraries/Crashlytics-v1.1.1",
					"$(PROJECT_DIR)",
					"$(PROJECT_DIR)/Libraries/Facebook",
				);
				INFOPLIST_FILE = "Resources/Workouter-Info.plist";
				LD_RUNPATH_SEARCH_PATHS = "$(inherited) @executable_path/Frameworks";
				LIBRARY_SEARCH_PATHS = (
					"$(inherited)",
					"$(PROJECT_DIR)/Libraries/Flurry-v6.2.0/Flurry",
					"$(PROJECT_DIR)/Libraries/Flurry-v6.2.0/FlurryAds",
				);
				PRODUCT_NAME = Workouter;
				PROVISIONING_PROFILE = "c23d2a77-6602-42bd-8b45-3935b3f9dadf";
				SWIFT_OBJC_BRIDGING_HEADER = "Sources/Main/Workouter-Bridging-Header.h";
			};
			name = Release;
		};
		F01375D01A4CA18E00C683A8 /* Debug */ = {
			isa = XCBuildConfiguration;
			buildSettings = {
				BUNDLE_LOADER = "$(TEST_HOST)";
				FRAMEWORK_SEARCH_PATHS = (
					"$(SDKROOT)/Developer/Library/Frameworks",
					"$(inherited)",
					"$(PROJECT_DIR)/Libraries/Crashlytics-v1.1.1",
					"$(PROJECT_DIR)",
					"$(PROJECT_DIR)/Libraries/Facebook",
				);
				GCC_PREPROCESSOR_DEFINITIONS = (
					"DEBUG=1",
					"$(inherited)",
				);
				INFOPLIST_FILE = Tests/Info.plist;
				LD_RUNPATH_SEARCH_PATHS = "$(inherited) @executable_path/Frameworks @loader_path/Frameworks";
				LIBRARY_SEARCH_PATHS = (
					"$(inherited)",
					"$(PROJECT_DIR)/Libraries/Flurry-v6.2.0/Flurry",
					"$(PROJECT_DIR)/Libraries/Flurry-v6.2.0/FlurryAds",
				);
				PRODUCT_NAME = WorkouterTests;
				SWIFT_OBJC_BRIDGING_HEADER = "Sources/Main/Workouter-Bridging-Header.h";
				TEST_HOST = "$(BUILT_PRODUCTS_DIR)/Workouter.app/Workouter";
			};
			name = Debug;
		};
		F01375D11A4CA18E00C683A8 /* Release */ = {
			isa = XCBuildConfiguration;
			buildSettings = {
				BUNDLE_LOADER = "$(TEST_HOST)";
				FRAMEWORK_SEARCH_PATHS = (
					"$(SDKROOT)/Developer/Library/Frameworks",
					"$(inherited)",
					"$(PROJECT_DIR)/Libraries/Crashlytics-v1.1.1",
					"$(PROJECT_DIR)",
					"$(PROJECT_DIR)/Libraries/Facebook",
				);
				INFOPLIST_FILE = Tests/Info.plist;
				LD_RUNPATH_SEARCH_PATHS = "$(inherited) @executable_path/Frameworks @loader_path/Frameworks";
				LIBRARY_SEARCH_PATHS = (
					"$(inherited)",
					"$(PROJECT_DIR)/Libraries/Flurry-v6.2.0/Flurry",
					"$(PROJECT_DIR)/Libraries/Flurry-v6.2.0/FlurryAds",
				);
				PRODUCT_NAME = WorkouterTests;
				SWIFT_OBJC_BRIDGING_HEADER = "Sources/Main/Workouter-Bridging-Header.h";
				TEST_HOST = "$(BUILT_PRODUCTS_DIR)/Workouter.app/Workouter";
			};
			name = Release;
		};
		F09702D61ACA48E700498DEE /* Debug */ = {
			isa = XCBuildConfiguration;
			buildSettings = {
				ASSETCATALOG_COMPILER_APPICON_NAME = AppIcon;
				CODE_SIGN_IDENTITY = "iPhone Developer: Vladimir Popko (56SA7L89YB)";
				FRAMEWORK_SEARCH_PATHS = (
					"$(inherited)",
					"$(PROJECT_DIR)/Libraries/Crashlytics-v1.1.1",
					"$(PROJECT_DIR)",
					"$(PROJECT_DIR)/Libraries/Facebook",
				);
				INFOPLIST_FILE = "Resources/Workouter QA-Info.plist";
				LD_RUNPATH_SEARCH_PATHS = "$(inherited) @executable_path/Frameworks";
				LIBRARY_SEARCH_PATHS = (
					"$(inherited)",
					"$(PROJECT_DIR)/Libraries/Flurry-v6.2.0/Flurry",
					"$(PROJECT_DIR)/Libraries/Flurry-v6.2.0/FlurryAds",
				);
				PRODUCT_NAME = "Workouter copy";
				PROVISIONING_PROFILE = "c23d2a77-6602-42bd-8b45-3935b3f9dadf";
				SWIFT_OBJC_BRIDGING_HEADER = "Sources/Main/Workouter-Bridging-Header.h";
			};
			name = Debug;
		};
		F09702D71ACA48E700498DEE /* Release */ = {
			isa = XCBuildConfiguration;
			buildSettings = {
				ASSETCATALOG_COMPILER_APPICON_NAME = AppIcon;
				CODE_SIGN_IDENTITY = "iPhone Developer: Vladimir Popko (56SA7L89YB)";
				FRAMEWORK_SEARCH_PATHS = (
					"$(inherited)",
					"$(PROJECT_DIR)/Libraries/Crashlytics-v1.1.1",
					"$(PROJECT_DIR)",
					"$(PROJECT_DIR)/Libraries/Facebook",
				);
				INFOPLIST_FILE = "Resources/Workouter QA-Info.plist";
				LD_RUNPATH_SEARCH_PATHS = "$(inherited) @executable_path/Frameworks";
				LIBRARY_SEARCH_PATHS = (
					"$(inherited)",
					"$(PROJECT_DIR)/Libraries/Flurry-v6.2.0/Flurry",
					"$(PROJECT_DIR)/Libraries/Flurry-v6.2.0/FlurryAds",
				);
				PRODUCT_NAME = "Workouter copy";
				PROVISIONING_PROFILE = "c23d2a77-6602-42bd-8b45-3935b3f9dadf";
				SWIFT_OBJC_BRIDGING_HEADER = "Sources/Main/Workouter-Bridging-Header.h";
			};
			name = Release;
		};
/* End XCBuildConfiguration section */

/* Begin XCConfigurationList section */
		F01375A81A4CA18E00C683A8 /* Build configuration list for PBXProject "Workouter" */ = {
			isa = XCConfigurationList;
			buildConfigurations = (
				F01375CA1A4CA18E00C683A8 /* Debug */,
				F01375CB1A4CA18E00C683A8 /* Release */,
			);
			defaultConfigurationIsVisible = 0;
			defaultConfigurationName = Release;
		};
		F01375CC1A4CA18E00C683A8 /* Build configuration list for PBXNativeTarget "Workouter" */ = {
			isa = XCConfigurationList;
			buildConfigurations = (
				F01375CD1A4CA18E00C683A8 /* Debug */,
				F01375CE1A4CA18E00C683A8 /* Release */,
			);
			defaultConfigurationIsVisible = 0;
			defaultConfigurationName = Release;
		};
		F01375CF1A4CA18E00C683A8 /* Build configuration list for PBXNativeTarget "WorkouterTests" */ = {
			isa = XCConfigurationList;
			buildConfigurations = (
				F01375D01A4CA18E00C683A8 /* Debug */,
				F01375D11A4CA18E00C683A8 /* Release */,
			);
			defaultConfigurationIsVisible = 0;
			defaultConfigurationName = Release;
		};
		F09702D51ACA48E700498DEE /* Build configuration list for PBXNativeTarget "Workouter QA" */ = {
			isa = XCConfigurationList;
			buildConfigurations = (
				F09702D61ACA48E700498DEE /* Debug */,
				F09702D71ACA48E700498DEE /* Release */,
			);
			defaultConfigurationIsVisible = 0;
			defaultConfigurationName = Release;
		};
/* End XCConfigurationList section */
	};
	rootObject = F01375A51A4CA18E00C683A8 /* Project object */;
}
